<?xml version="1.0" encoding="utf-8"?>
<Project ToolsVersion="4.0" xmlns="http://schemas.microsoft.com/developer/msbuild/2003">
  <ItemGroup>
    <Filter Include="Hacking features">
      <UniqueIdentifier>{df480926-9fcd-4516-a6cc-9d5bdb276319}</UniqueIdentifier>
    </Filter>
    <Filter Include="Hacking features\Bunny Hop">
      <UniqueIdentifier>{13a40bf1-e8cd-4b76-865d-091271903df6}</UniqueIdentifier>
    </Filter>
    <Filter Include="Hacking features\Trigger bot">
      <UniqueIdentifier>{6fa0f419-b44c-4c3b-b9d3-c0f763c3c958}</UniqueIdentifier>
    </Filter>
    <Filter Include="Render">
      <UniqueIdentifier>{0f933049-1151-48b0-b06f-3ab778db42dd}</UniqueIdentifier>
    </Filter>
    <Filter Include="Render\imgui">
      <UniqueIdentifier>{9de47536-533c-4ade-8e83-5ebc8e246666}</UniqueIdentifier>
    </Filter>
    <Filter Include="Render\DirectX">
      <UniqueIdentifier>{a528e633-3e23-48a0-8f6e-b785122dde90}</UniqueIdentifier>
    </Filter>
    <Filter Include="Render\DirectX\DX9ColorFix">
      <UniqueIdentifier>{fea179df-9cd8-44dc-806b-53e111724890}</UniqueIdentifier>
    </Filter>
    <Filter Include="Render\Menu">
      <UniqueIdentifier>{edbe270d-dd55-4429-b65f-9f30b1fe4dff}</UniqueIdentifier>
    </Filter>
    <Filter Include="Render\Menu\Settings">
      <UniqueIdentifier>{c22abee0-44ec-4cdb-a189-cc571ac0a33a}</UniqueIdentifier>
    </Filter>
    <Filter Include="Core">
      <UniqueIdentifier>{4FC737F1-C7A5-4376-A066-2A32D752A2FF}</UniqueIdentifier>
      <Extensions>cpp;c;cc;cxx;c++;cppm;ixx;def;odl;idl;hpj;bat;asm;asmx</Extensions>
    </Filter>
    <Filter Include="Hacking features\AimBot">
      <UniqueIdentifier>{1824d512-1bb3-4148-b392-ccdec3a9bfae}</UniqueIdentifier>
    </Filter>
    <Filter Include="SDK">
      <UniqueIdentifier>{046f2f9e-2d34-4c72-9dfa-cc1b62902020}</UniqueIdentifier>
    </Filter>
    <Filter Include="Utils">
      <UniqueIdentifier>{889e87de-083f-4bfe-b78c-6cfcb012d122}</UniqueIdentifier>
    </Filter>
    <Filter Include="Hacking features\ESP">
      <UniqueIdentifier>{107deb9c-82ac-4926-af46-3d6d28ea5069}</UniqueIdentifier>
    </Filter>
    <Filter Include="SDK\IVEngineClient013">
      <UniqueIdentifier>{6d6089b7-6ef8-4cea-90a6-e0000fd88bb4}</UniqueIdentifier>
    </Filter>
    <Filter Include="Render\DirectX\CustomDevice">
      <UniqueIdentifier>{5e70c9be-bdc2-4307-be9a-7b70e481381d}</UniqueIdentifier>
    </Filter>
    <Filter Include="Render\imgui\misc">
      <UniqueIdentifier>{e0cab5d5-2270-4d38-bb8b-c533dfd4beaa}</UniqueIdentifier>
    </Filter>
    <Filter Include="Globals">
      <UniqueIdentifier>{8b05889f-1176-40eb-a4c0-09480df37595}</UniqueIdentifier>
    </Filter>
    <Filter Include="Utils\CFGloader">
      <UniqueIdentifier>{e70be017-4b08-43bd-a532-9632a45f2b83}</UniqueIdentifier>
    </Filter>
    <Filter Include="Render\Menu\SnowFlakes">
      <UniqueIdentifier>{cb0933ed-65e7-49ef-a4fe-54abd415b968}</UniqueIdentifier>
    </Filter>
    <Filter Include="Hacking features\Hooks">
      <UniqueIdentifier>{04183bc4-a564-4a9c-8441-331f8473968a}</UniqueIdentifier>
    </Filter>
    <Filter Include="Server">
      <UniqueIdentifier>{6a26257e-1efe-495c-aa6c-fbf7f66b8132}</UniqueIdentifier>
    </Filter>
    <Filter Include="Render\Menu\Windows">
      <UniqueIdentifier>{211afbb7-af73-4fb0-a342-66e6395ec546}</UniqueIdentifier>
    </Filter>
    <Filter Include="Render\Menu\Windows\About">
      <UniqueIdentifier>{4d916e40-c1a3-4976-ad6b-5dbf2b0d2292}</UniqueIdentifier>
    </Filter>
    <Filter Include="Render\Menu\Windows\Window">
      <UniqueIdentifier>{aa00173f-bf8f-4fd2-bdd3-f6fcab0e4eff}</UniqueIdentifier>
    </Filter>
    <Filter Include="Render\Menu\Windows\Settings">
      <UniqueIdentifier>{6fb3cd25-36d3-4169-b93f-2071afa126e7}</UniqueIdentifier>
    </Filter>
    <Filter Include="Render\Menu\Windows\Start">
      <UniqueIdentifier>{36da5e33-65bb-40d8-bea4-8cbce9482016}</UniqueIdentifier>
    </Filter>
    <Filter Include="Render\Menu\Windows\Task Bar">
      <UniqueIdentifier>{6e3db94d-4f01-43c5-bd09-12b7d4d52454}</UniqueIdentifier>
    </Filter>
    <Filter Include="Web">
      <UniqueIdentifier>{7d635985-b83c-428c-b822-eac3483cff08}</UniqueIdentifier>
    </Filter>
    <Filter Include="Render\Menu\Windows\NetWork">
      <UniqueIdentifier>{176db0c6-4464-400e-a0f0-f9e2083cb860}</UniqueIdentifier>
    </Filter>
    <Filter Include="RazerSDK">
      <UniqueIdentifier>{8048924d-bafd-4b50-a5df-cb03d1d0baf6}</UniqueIdentifier>
    </Filter>
    <Filter Include="Hacking features\Abstract class">
      <UniqueIdentifier>{b1dc7488-a061-4d86-bee2-0aae40abc5ed}</UniqueIdentifier>
    </Filter>
    <Filter Include="Render\Menu\Routines">
      <UniqueIdentifier>{be25bf1a-343a-435b-a675-fe4603507984}</UniqueIdentifier>
    </Filter>
    <Filter Include="RazerSDK\CRazer">
      <UniqueIdentifier>{34a7cb9c-22d9-4f1e-82ce-de326b96d9ff}</UniqueIdentifier>
    </Filter>
    <Filter Include="RawData">
      <UniqueIdentifier>{3ae92b3a-7b08-4208-8e35-38d64eb2bbda}</UniqueIdentifier>
    </Filter>
    <Filter Include="Render\Menu\Windows\Radar">
      <UniqueIdentifier>{1dc79e06-d769-4012-9872-39d73fb09775}</UniqueIdentifier>
    </Filter>
    <Filter Include="Render\Menu\Overlays">
      <UniqueIdentifier>{f5ac99ff-0928-47ce-a9ba-1412cc062a81}</UniqueIdentifier>
    </Filter>
    <Filter Include="Hacking features\ESP\Boxes">
      <UniqueIdentifier>{5bdb81a2-6a06-468e-8842-d73e5027d3e8}</UniqueIdentifier>
    </Filter>
    <Filter Include="Hacking features\ESP\Lines">
      <UniqueIdentifier>{07272f34-ef6e-4927-9398-1b76a0f08fa8}</UniqueIdentifier>
    </Filter>
    <Filter Include="Hacking features\ESP\Labels">
      <UniqueIdentifier>{82b5ff0c-e5ec-40f9-b884-4a2c82da5f8b}</UniqueIdentifier>
    </Filter>
    <Filter Include="Hacking features\ESP\Bars">
      <UniqueIdentifier>{09f3c967-e2ce-4c69-ae39-08bb1c69c635}</UniqueIdentifier>
    </Filter>
    <Filter Include="source">
      <UniqueIdentifier>{67DA6AB6-F800-4c08-8B7A-83BB121AAD01}</UniqueIdentifier>
      <Extensions>rc;ico;cur;bmp;dlg;rc2;rct;bin;rgs;gif;jpg;jpeg;jpe;resx;tiff;tif;png;wav;mfcribbon-ms</Extensions>
    </Filter>
    <Filter Include="source\Icons">
      <UniqueIdentifier>{63edf7b9-6f47-4568-9fd7-0a4925163fed}</UniqueIdentifier>
    </Filter>
    <Filter Include="source\Sound">
      <UniqueIdentifier>{a9072075-a9c9-4667-b51f-765690cae2f5}</UniqueIdentifier>
    </Filter>
    <Filter Include="header">
      <UniqueIdentifier>{93995380-89BD-4b04-88EB-625FBE52EBFB}</UniqueIdentifier>
      <Extensions>h;hh;hpp;hxx;h++;hm;inl;inc;ipp;xsd</Extensions>
    </Filter>
  </ItemGroup>
  <ItemGroup>
    <ClInclude Include="imgui\imgui.h">
      <Filter>Render\imgui</Filter>
    </ClInclude>
    <ClInclude Include="imgui\imgui_impl_dx9.h">
      <Filter>Render\imgui</Filter>
    </ClInclude>
    <ClInclude Include="imgui\imgui_impl_win32.h">
      <Filter>Render\imgui</Filter>
    </ClInclude>
    <ClInclude Include="imgui\imgui_internal.h">
      <Filter>Render\imgui</Filter>
    </ClInclude>
    <ClInclude Include="imgui\imstb_textedit.h">
      <Filter>Render\imgui</Filter>
    </ClInclude>
    <ClInclude Include="imgui\imconfig.h">
      <Filter>Render\imgui</Filter>
    </ClInclude>
    <ClInclude Include="DirectX\DX9ColorFix.h">
      <Filter>Render\DirectX\DX9ColorFix</Filter>
    </ClInclude>
    <ClInclude Include="Menu\Settings.h">
      <Filter>Render\Menu\Settings</Filter>
    </ClInclude>
    <ClInclude Include="Hacks\AimBot.h">
      <Filter>Hacking features\AimBot</Filter>
    </ClInclude>
    <ClInclude Include="Hacks\bhop.h">
      <Filter>Hacking features\Bunny Hop</Filter>
    </ClInclude>
    <ClInclude Include="Hacks\hack.h">
      <Filter>Hacking features\Abstract class</Filter>
    </ClInclude>
    <ClInclude Include="Hacks\TriggerBot.h">
      <Filter>Hacking features\Trigger bot</Filter>
    </ClInclude>
    <ClInclude Include="SDK\AbstractInterface.h">
      <Filter>SDK</Filter>
    </ClInclude>
    <ClInclude Include="SDK\CBaseEntity.h">
      <Filter>SDK</Filter>
    </ClInclude>
    <ClInclude Include="SDK\ClientBase.h">
      <Filter>SDK</Filter>
    </ClInclude>
    <ClInclude Include="SDK\EngineBase.h">
      <Filter>SDK</Filter>
    </ClInclude>
    <ClInclude Include="SDK\IBaseClientDLL.h">
      <Filter>SDK</Filter>
    </ClInclude>
    <ClInclude Include="SDK\IClientEntityList.h">
      <Filter>SDK</Filter>
    </ClInclude>
    <ClInclude Include="SDK\IInput.h">
      <Filter>SDK</Filter>
    </ClInclude>
    <ClInclude Include="SDK\SDK.h">
      <Filter>SDK</Filter>
    </ClInclude>
    <ClInclude Include="Utils\offsets.h">
      <Filter>Utils</Filter>
    </ClInclude>
    <ClInclude Include="Utils\Vec3.h">
      <Filter>Utils</Filter>
    </ClInclude>
    <ClInclude Include="Utils\xorstr.h">
      <Filter>Utils</Filter>
    </ClInclude>
    <ClInclude Include="SDK\IVEngineClient013\IVEngineClient013.h">
      <Filter>SDK\IVEngineClient013</Filter>
    </ClInclude>
    <ClInclude Include="SDK\CUserCMD.h">
      <Filter>SDK</Filter>
    </ClInclude>
    <ClInclude Include="Utils\VMThook.h">
      <Filter>Utils</Filter>
    </ClInclude>
    <ClInclude Include="Utils\memory.h">
      <Filter>Utils</Filter>
    </ClInclude>
    <ClInclude Include="Menu\SnowFlakes\SnowFlake.h">
      <Filter>Render\Menu\SnowFlakes</Filter>
    </ClInclude>
    <ClInclude Include="Hacks\Hooks\Hooks.h">
      <Filter>Hacking features\Hooks</Filter>
    </ClInclude>
    <ClInclude Include="imgui\misc\freetype\imgui_freetype.h">
      <Filter>Render\imgui\misc</Filter>
    </ClInclude>
    <ClInclude Include="imgui\misc\freetype\imstb_rectpack.h">
      <Filter>Render\imgui\misc</Filter>
    </ClInclude>
    <ClInclude Include="Utils\CFGloader\CFGloader.h">
      <Filter>Utils\CFGloader</Filter>
    </ClInclude>
    <ClInclude Include="Menu\Windows\CAboutWindow.h">
      <Filter>Render\Menu\Windows\About</Filter>
    </ClInclude>
    <ClInclude Include="Menu\Windows\CBaseWindow.h">
      <Filter>Render\Menu\Windows\Window</Filter>
    </ClInclude>
    <ClInclude Include="Menu\Windows\CSettingsWindow.h">
      <Filter>Render\Menu\Windows\Settings</Filter>
    </ClInclude>
    <ClInclude Include="Menu\Windows\CDockWindow.h">
      <Filter>Render\Menu\Windows\Start</Filter>
    </ClInclude>
    <ClInclude Include="Menu\COverlay.h">
      <Filter>Render\Menu</Filter>
    </ClInclude>
    <ClInclude Include="Globals\GlobalVars.h">
      <Filter>Globals</Filter>
    </ClInclude>
    <ClInclude Include="Menu\Windows\CTaskBarWindow.h">
      <Filter>Render\Menu\Windows\Task Bar</Filter>
    </ClInclude>
    <ClInclude Include="SDK\IEngineTrace.h">
      <Filter>SDK</Filter>
    </ClInclude>
    <ClInclude Include="RazerSDK\RzChromaSDK.h">
      <Filter>RazerSDK</Filter>
    </ClInclude>
    <ClInclude Include="RazerSDK\RzChromaSDKDefines.h">
      <Filter>RazerSDK</Filter>
    </ClInclude>
    <ClInclude Include="RazerSDK\RzChromaSDKTypes.h">
      <Filter>RazerSDK</Filter>
    </ClInclude>
    <ClInclude Include="RazerSDK\RzErrors.h">
      <Filter>RazerSDK</Filter>
    </ClInclude>
    <ClInclude Include="Utils\Marker.h">
      <Filter>Utils</Filter>
    </ClInclude>
    <ClInclude Include="Menu\Routines\BindListener.h">
      <Filter>Render\Menu\Routines</Filter>
    </ClInclude>
    <ClInclude Include="RazerSDK\CRazerExceptions.h">
      <Filter>RazerSDK\CRazer</Filter>
    </ClInclude>
    <ClInclude Include="RazerSDK\CRazer.h">
      <Filter>RazerSDK\CRazer</Filter>
    </ClInclude>
    <ClInclude Include="Web\CAVhookServerApi.h">
      <Filter>Web</Filter>
    </ClInclude>
    <ClInclude Include="Menu\Windows\CNetWorkWindow.h">
      <Filter>Render\Menu\Windows\NetWork</Filter>
    </ClInclude>
    <ClInclude Include="RawData\RAVhookLogo.h">
      <Filter>RawData</Filter>
    </ClInclude>
    <ClInclude Include="Menu\Windows\CRadarWindow.h">
      <Filter>Render\Menu\Windows\Radar</Filter>
    </ClInclude>
    <ClInclude Include="Menu\IBaseDrawObject.h">
      <Filter>Render\Menu</Filter>
    </ClInclude>
    <ClInclude Include="Menu\Overlays\CBindListenerOverlay.h">
      <Filter>Render\Menu\Overlays</Filter>
    </ClInclude>
    <ClInclude Include="Hacks\Esp\CBoxEsp.h">
      <Filter>Hacking features\ESP\Boxes</Filter>
    </ClInclude>
    <ClInclude Include="Hacks\Esp\CSnapLinesEsp.h">
      <Filter>Hacking features\ESP\Lines</Filter>
    </ClInclude>
    <ClInclude Include="Hacks\Esp\CLabelEsp.h">
      <Filter>Hacking features\ESP\Labels</Filter>
    </ClInclude>
    <ClInclude Include="Hacks\Esp\CBaseEsp.h">
      <Filter>Hacking features\ESP</Filter>
    </ClInclude>
    <ClInclude Include="Hacks\Esp\CBarsEsp.h">
      <Filter>Hacking features\ESP\Bars</Filter>
    </ClInclude>
    <ClInclude Include="Web\httplib.h">
      <Filter>header</Filter>
    </ClInclude>
    <ClInclude Include="Menu\MessageLine\CMessageLine.h">
      <Filter>header</Filter>
    </ClInclude>
    <ClInclude Include="SDK\ICCvar.h">
      <Filter>header</Filter>
    </ClInclude>
    <ClInclude Include="Hacks\Esp\CLabel\CLabel.h">
      <Filter>header</Filter>
    </ClInclude>
    <ClInclude Include="Utils\Math\Math.h">
      <Filter>header</Filter>
    </ClInclude>
    <ClInclude Include="RawData\Images.h">
      <Filter>header</Filter>
    </ClInclude>
    <ClInclude Include="Web\IWebObject.h">
      <Filter>header</Filter>
    </ClInclude>
    <ClInclude Include="Menu\Windows\CConsoleWindow.h">
      <Filter>header</Filter>
    </ClInclude>
    <ClInclude Include="Hacks\Esp\CTextureOverride\CTextureOverride.h">
      <Filter>header</Filter>
    </ClInclude>
    <ClInclude Include="SDK\ICvar.h">
      <Filter>header</Filter>
    </ClInclude>
    <ClInclude Include="Globals\Interfaces.h">
      <Filter>header</Filter>
    </ClInclude>
    <ClInclude Include="Globals\Settings.h">
      <Filter>header</Filter>
    </ClInclude>
    <ClInclude Include="Globals\DirectX9.h">
      <Filter>header</Filter>
    </ClInclude>
  </ItemGroup>
  <ItemGroup>
    <ClCompile Include="imgui\imgui_draw.cpp">
      <Filter>Render\imgui</Filter>
    </ClCompile>
    <ClCompile Include="imgui\imgui_impl_dx9.cpp">
      <Filter>Render\imgui</Filter>
    </ClCompile>
    <ClCompile Include="imgui\imgui_impl_win32.cpp">
      <Filter>Render\imgui</Filter>
    </ClCompile>
    <ClCompile Include="imgui\imgui_tables.cpp">
      <Filter>Render\imgui</Filter>
    </ClCompile>
    <ClCompile Include="imgui\imgui_widgets.cpp">
      <Filter>Render\imgui</Filter>
    </ClCompile>
    <ClCompile Include="imgui\imgui.cpp">
      <Filter>Render\imgui</Filter>
    </ClCompile>
    <ClCompile Include="main.cpp">
      <Filter>Core</Filter>
    </ClCompile>
    <ClCompile Include="DirectX\DX9ColorFix.cpp">
      <Filter>Render\DirectX\DX9ColorFix</Filter>
    </ClCompile>
    <ClCompile Include="Hacks\AimBot.cpp">
      <Filter>Hacking features\AimBot</Filter>
    </ClCompile>
    <ClCompile Include="Hacks\bhop.cpp">
      <Filter>Hacking features\Bunny Hop</Filter>
    </ClCompile>
    <ClCompile Include="Hacks\hack.cpp">
      <Filter>Hacking features\Abstract class</Filter>
    </ClCompile>
    <ClCompile Include="Hacks\TriggerBot.cpp">
      <Filter>Hacking features\Trigger bot</Filter>
    </ClCompile>
    <ClCompile Include="SDK\CBaseEntity.cpp">
      <Filter>SDK</Filter>
    </ClCompile>
    <ClCompile Include="SDK\ClientBase.cpp">
      <Filter>SDK</Filter>
    </ClCompile>
    <ClCompile Include="SDK\IVEngineClient013\IVEngineClient013.cpp">
      <Filter>SDK\IVEngineClient013</Filter>
    </ClCompile>
    <ClCompile Include="Utils\VMThook.cpp">
      <Filter>Utils</Filter>
    </ClCompile>
    <ClCompile Include="Utils\CFGloader\CFGloader .cpp">
      <Filter>Utils\CFGloader</Filter>
    </ClCompile>
    <ClCompile Include="Menu\SnowFlakes\SnowFlake.cpp">
      <Filter>Render\Menu\SnowFlakes</Filter>
    </ClCompile>
    <ClCompile Include="Hacks\Hooks\Hooks.cpp">
      <Filter>Hacking features\Hooks</Filter>
    </ClCompile>
    <ClCompile Include="imgui\misc\freetype\imgui_freetype.cpp">
      <Filter>Render\imgui\misc</Filter>
    </ClCompile>
    <ClCompile Include="Menu\Windows\CAboutWindow.cpp">
      <Filter>Render\Menu\Windows\About</Filter>
    </ClCompile>
    <ClCompile Include="Menu\Windows\CBaseWindow.cpp">
      <Filter>Render\Menu\Windows\Window</Filter>
    </ClCompile>
    <ClCompile Include="Menu\Windows\CDockWindow.cpp">
      <Filter>Render\Menu\Windows\Start</Filter>
    </ClCompile>
    <ClCompile Include="Menu\Windows\CSettingsWindow.cpp">
      <Filter>Render\Menu\Windows\Settings</Filter>
    </ClCompile>
    <ClCompile Include="Menu\COverlay.cpp">
      <Filter>Render\Menu</Filter>
    </ClCompile>
    <ClCompile Include="Globals\GlobalVars.cpp">
      <Filter>Globals</Filter>
    </ClCompile>
    <ClCompile Include="Menu\Windows\CTaskBarWindow.cpp">
      <Filter>Render\Menu\Windows\Task Bar</Filter>
    </ClCompile>
    <ClCompile Include="Menu\Windows\CNetWorkWindow.cpp">
      <Filter>Render\Menu\Windows\NetWork</Filter>
    </ClCompile>
    <ClCompile Include="Menu\Routines\BindListener.cpp">
      <Filter>Render\Menu\Routines</Filter>
    </ClCompile>
    <ClCompile Include="RazerSDK\CRazer.cpp">
      <Filter>RazerSDK\CRazer</Filter>
    </ClCompile>
    <ClCompile Include="Web\CAVhookServerApi.cpp">
      <Filter>Web</Filter>
    </ClCompile>
    <ClCompile Include="Menu\Windows\CRadarWindow.cpp">
      <Filter>Render\Menu\Windows\Radar</Filter>
    </ClCompile>
    <ClCompile Include="Menu\Overlays\CBindListenerOverlay.cpp">
      <Filter>Render\Menu\Overlays</Filter>
    </ClCompile>
    <ClCompile Include="Hacks\Esp\CBoxEsp.cpp">
      <Filter>Hacking features\ESP\Boxes</Filter>
    </ClCompile>
    <ClCompile Include="Hacks\Esp\CSnapLinesEsp.cpp">
      <Filter>Hacking features\ESP\Lines</Filter>
    </ClCompile>
    <ClCompile Include="Hacks\Esp\CLabelEsp.cpp">
      <Filter>Hacking features\ESP\Labels</Filter>
    </ClCompile>
    <ClCompile Include="Hacks\Esp\CBaseEsp.cpp">
      <Filter>Hacking features\ESP</Filter>
    </ClCompile>
    <ClCompile Include="Hacks\Esp\CBarsEsp.cpp">
      <Filter>Hacking features\ESP\Bars</Filter>
    </ClCompile>
    <ClCompile Include="Menu\Settings.cpp">
      <Filter>Core</Filter>
    </ClCompile>
    <ClCompile Include="Utils\memory.cpp">
      <Filter>Core</Filter>
    </ClCompile>
    <ClCompile Include="Menu\MessageLine\CMessageLine.cpp">
      <Filter>Core</Filter>
    </ClCompile>
    <ClCompile Include="SDK\ICCvar.cpp">
      <Filter>Core</Filter>
    </ClCompile>
    <ClCompile Include="Hacks\Esp\CLabel\CLabel.cpp">
      <Filter>Core</Filter>
    </ClCompile>
    <ClCompile Include="Utils\Math\Math.cpp">
      <Filter>Core</Filter>
    </ClCompile>
    <ClCompile Include="Web\IWebObject.cpp">
      <Filter>Core</Filter>
    </ClCompile>
    <ClCompile Include="Menu\Windows\CConsoleWindow.cpp">
      <Filter>Core</Filter>
    </ClCompile>
    <ClCompile Include="SDK\IClientEntityList.cpp">
      <Filter>Core</Filter>
    </ClCompile>
    <ClCompile Include="Hacks\Esp\CTextureOverride\CTextureOverride.cpp">
      <Filter>Core</Filter>
    </ClCompile>
    <ClCompile Include="SDK\ICvar.cpp">
      <Filter>Core</Filter>
    </ClCompile>
  </ItemGroup>
  <ItemGroup>
    <Image Include="images\about.bmp">
      <Filter>source\Icons</Filter>
    </Image>
    <Image Include="images\aimbot_icon.bmp">
      <Filter>source\Icons</Filter>
    </Image>
    <Image Include="images\auto_color.bmp">
      <Filter>source\Icons</Filter>
    </Image>
    <Image Include="images\ct-icon.bmp">
      <Filter>source\Icons</Filter>
    </Image>
    <Image Include="images\esp_icon.bmp">
      <Filter>source\Icons</Filter>
    </Image>
    <Image Include="images\misc_icon.bmp">
      <Filter>source\Icons</Filter>
    </Image>
    <Image Include="images\player_list.bmp">
      <Filter>source\Icons</Filter>
    </Image>
    <Image Include="images\radar_icon.bmp">
      <Filter>source\Icons</Filter>
    </Image>
    <Image Include="images\settings.bmp">
      <Filter>source\Icons</Filter>
    </Image>
    <Image Include="images\t-icon.bmp">
      <Filter>source\Icons</Filter>
    </Image>
    <Image Include="images\default avatar.bmp">
      <Filter>source\Icons</Filter>
    </Image>
    <Image Include="images\profile_icon.bmp">
      <Filter>source\Icons</Filter>
    </Image>
    <Image Include="images\avhook.png">
      <Filter>source</Filter>
    </Image>
    <Image Include="images\es_icon_2.bmp">
      <Filter>source</Filter>
    </Image>
    <Image Include="images\start-button.bmp">
      <Filter>source</Filter>
    </Image>
  </ItemGroup>
  <ItemGroup>
    <None Include="images\sound1.bin">
      <Filter>source</Filter>
    </None>
    <None Include="images\wave3.bin">
      <Filter>source</Filter>
    </None>
    <None Include="LICENSE" />
    <None Include="Scripts\vckg-auto-install.bat">
      <Filter>Core</Filter>
    </None>
  </ItemGroup>
</Project>